
Microsoft Visual Studio Solution File, Format Version 12.00
# Visual Studio Version 16
VisualStudioVersion = 16.0.31005.135
MinimumVisualStudioVersion = 10.0.40219.1
Global
	GlobalSection(SolutionConfigurationPlatforms) = preSolution
		Debug|Any CPU = Debug|Any CPU
		Release|Any CPU = Release|Any CPU
	EndGlobalSection
	GlobalSection(ProjectConfigurationPlatforms) = postSolution
		{D1EDFC49-C1DD-4222-A00D-984B30C77564}.Debug|Any CPU.ActiveCfg = Debug|Any CPU
		{D1EDFC49-C1DD-4222-A00D-984B30C77564}.Debug|Any CPU.Build.0 = Debug|Any CPU
		{D1EDFC49-C1DD-4222-A00D-984B30C77564}.Release|Any CPU.ActiveCfg = Release|Any CPU
		{D1EDFC49-C1DD-4222-A00D-984B30C77564}.Release|Any CPU.Build.0 = Release|Any CPU
		{0B8CC7A8-C004-4596-9B0E-C47E2BF319B2}.Debug|Any CPU.ActiveCfg = Debug|Any CPU
		{0B8CC7A8-C004-4596-9B0E-C47E2BF319B2}.Debug|Any CPU.Build.0 = Debug|Any CPU
		{0B8CC7A8-C004-4596-9B0E-C47E2BF319B2}.Release|Any CPU.ActiveCfg = Release|Any CPU
		{0B8CC7A8-C004-4596-9B0E-C47E2BF319B2}.Release|Any CPU.Build.0 = Release|Any CPU
	EndGlobalSection
	GlobalSection(SolutionProperties) = preSolution
		HideSolutionNode = FALSE
	EndGlobalSection
	GlobalSection(ExtensibilityGlobals) = postSolution
		SolutionGuid = {8CDF8FC1-02BF-4C16-9787-5125AB838364}
	EndGlobalSection
EndGlobal
